
Microsoft Visual Studio Solution File, Format Version 12.00
# Visual Studio 15
VisualStudioVersion = 15.0.28010.2050
MinimumVisualStudioVersion = 10.0.40219.1
Project("{8BC9CEB8-8B4A-11D0-8D11-00A0C91BC942}") = "ConsoleApplication1", "ConsoleApplication1\ConsoleApplication1.vcxproj", "{2184DF4A-B28D-412B-AAE7-ED45870422D0}"
EndProject
Project("{8BC9CEB8-8B4A-11D0-8D11-00A0C91BC942}") = "Client", "Client\Client.vcxproj", "{A537B22B-1343-4D2C-BE09-92FCBCFC202C}"
EndProject
Project("{8BC9CEB8-8B4A-11D0-8D11-00A0C91BC942}") = "Server", "Server\Server.vcxproj", "{495964EA-550B-43FD-B864-4751D7F02921}"
EndProject
Project("{8BC9CEB8-8B4A-11D0-8D11-00A0C91BC942}") = "Datanode", "Datanode\Datanode.vcxproj", "{E313B4CC-69D8-4F81-920A-A52E49E498F4}"
EndProject
Project("{8BC9CEB8-8B4A-11D0-8D11-00A0C91BC942}") = "ServerVFS", "ServerVFS\ServerVFS.vcxproj", "{2C49F733-CAB5-481B-AF0F-854AC8DE31DE}"
EndProject
Global
	GlobalSection(SolutionConfigurationPlatforms) = preSolution
		Debug|x64 = Debug|x64
		Debug|x86 = Debug|x86
		Release|x64 = Release|x64
		Release|x86 = Release|x86
	EndGlobalSection
	GlobalSection(ProjectConfigurationPlatforms) = postSolution
		{2184DF4A-B28D-412B-AAE7-ED45870422D0}.Debug|x64.ActiveCfg = Debug|x64
		{2184DF4A-B28D-412B-AAE7-ED45870422D0}.Debug|x64.Build.0 = Debug|x64
		{2184DF4A-B28D-412B-AAE7-ED45870422D0}.Debug|x86.ActiveCfg = Debug|Win32
		{2184DF4A-B28D-412B-AAE7-ED45870422D0}.Debug|x86.Build.0 = Debug|Win32
		{2184DF4A-B28D-412B-AAE7-ED45870422D0}.Release|x64.ActiveCfg = Release|x64
		{2184DF4A-B28D-412B-AAE7-ED45870422D0}.Release|x64.Build.0 = Release|x64
		{2184DF4A-B28D-412B-AAE7-ED45870422D0}.Release|x86.ActiveCfg = Release|Win32
		{2184DF4A-B28D-412B-AAE7-ED45870422D0}.Release|x86.Build.0 = Release|Win32
		{A537B22B-1343-4D2C-BE09-92FCBCFC202C}.Debug|x64.ActiveCfg = Debug|x64
		{A537B22B-1343-4D2C-BE09-92FCBCFC202C}.Debug|x64.Build.0 = Debug|x64
		{A537B22B-1343-4D2C-BE09-92FCBCFC202C}.Debug|x86.ActiveCfg = Debug|Win32
		{A537B22B-1343-4D2C-BE09-92FCBCFC202C}.Debug|x86.Build.0 = Debug|Win32
		{A537B22B-1343-4D2C-BE09-92FCBCFC202C}.Release|x64.ActiveCfg = Release|x64
		{A537B22B-1343-4D2C-BE09-92FCBCFC202C}.Release|x64.Build.0 = Release|x64
		{A537B22B-1343-4D2C-BE09-92FCBCFC202C}.Release|x86.ActiveCfg = Release|Win32
		{A537B22B-1343-4D2C-BE09-92FCBCFC202C}.Release|x86.Build.0 = Release|Win32
		{495964EA-550B-43FD-B864-4751D7F02921}.Debug|x64.ActiveCfg = Debug|x64
		{495964EA-550B-43FD-B864-4751D7F02921}.Debug|x64.Build.0 = Debug|x64
		{495964EA-550B-43FD-B864-4751D7F02921}.Debug|x86.ActiveCfg = Debug|Win32
		{495964EA-550B-43FD-B864-4751D7F02921}.Debug|x86.Build.0 = Debug|Win32
		{495964EA-550B-43FD-B864-4751D7F02921}.Release|x64.ActiveCfg = Release|x64
		{495964EA-550B-43FD-B864-4751D7F02921}.Release|x64.Build.0 = Release|x64
		{495964EA-550B-43FD-B864-4751D7F02921}.Release|x86.ActiveCfg = Release|Win32
		{495964EA-550B-43FD-B864-4751D7F02921}.Release|x86.Build.0 = Release|Win32
		{E313B4CC-69D8-4F81-920A-A52E49E498F4}.Debug|x64.ActiveCfg = Debug|x64
		{E313B4CC-69D8-4F81-920A-A52E49E498F4}.Debug|x64.Build.0 = Debug|x64
		{E313B4CC-69D8-4F81-920A-A52E49E498F4}.Debug|x86.ActiveCfg = Debug|Win32
		{E313B4CC-69D8-4F81-920A-A52E49E498F4}.Debug|x86.Build.0 = Debug|Win32
		{E313B4CC-69D8-4F81-920A-A52E49E498F4}.Release|x64.ActiveCfg = Release|x64
		{E313B4CC-69D8-4F81-920A-A52E49E498F4}.Release|x64.Build.0 = Release|x64
		{E313B4CC-69D8-4F81-920A-A52E49E498F4}.Release|x86.ActiveCfg = Release|Win32
		{E313B4CC-69D8-4F81-920A-A52E49E498F4}.Release|x86.Build.0 = Release|Win32
		{2C49F733-CAB5-481B-AF0F-854AC8DE31DE}.Debug|x64.ActiveCfg = Debug|x64
		{2C49F733-CAB5-481B-AF0F-854AC8DE31DE}.Debug|x64.Build.0 = Debug|x64
		{2C49F733-CAB5-481B-AF0F-854AC8DE31DE}.Debug|x86.ActiveCfg = Debug|Win32
		{2C49F733-CAB5-481B-AF0F-854AC8DE31DE}.Debug|x86.Build.0 = Debug|Win32
		{2C49F733-CAB5-481B-AF0F-854AC8DE31DE}.Release|x64.ActiveCfg = Release|x64
		{2C49F733-CAB5-481B-AF0F-854AC8DE31DE}.Release|x64.Build.0 = Release|x64
		{2C49F733-CAB5-481B-AF0F-854AC8DE31DE}.Release|x86.ActiveCfg = Release|Win32
		{2C49F733-CAB5-481B-AF0F-854AC8DE31DE}.Release|x86.Build.0 = Release|Win32
	EndGlobalSection
	GlobalSection(SolutionProperties) = preSolution
		HideSolutionNode = FALSE
	EndGlobalSection
	GlobalSection(ExtensibilityGlobals) = postSolution
		SolutionGuid = {D63FCDF7-D2A3-4C53-8D17-14A6196B46FA}
	EndGlobalSection
EndGlobal
